
Microsoft Visual Studio Solution File, Format Version 12.00
# Visual Studio 15
VisualStudioVersion = 15.0.28307.572
MinimumVisualStudioVersion = 10.0.40219.1
Project("{FAE04EC0-301F-11D3-BF4B-00C04F79EFBC}") = "EPAS.Business", "EPASFramework\EPAS.Business\EPAS.Business.csproj", "{4987FE91-34AF-4367-8794-CF7F404B91BE}"
EndProject
Project("{FAE04EC0-301F-11D3-BF4B-00C04F79EFBC}") = "EPAS.Component", "EPASFramework\EPAS.Component\EPAS.Component.csproj", "{E0A29678-3020-4E8F-9CB5-A00F452F8896}"
EndProject
Project("{FAE04EC0-301F-11D3-BF4B-00C04F79EFBC}") = "EPAS.Interface", "EPASFramework\EPAS.Interface\EPAS.Interface.csproj", "{9758CB6D-36F5-43BE-93AB-3EC314AC4EBF}"
EndProject
Project("{2150E333-8FDC-42A3-9474-1A3956D46DE8}") = "EPAS.Plugins", "EPAS.Plugins", "{C8477898-CCFB-4140-A1B9-53CE54B606DA}"
EndProject
Project("{FAE04EC0-301F-11D3-BF4B-00C04F79EFBC}") = "EPAS.DirectSQLPlugin", "EPASFramework\EPAS.Plugins\EPAS.DirectSQLPlugin\EPAS.DirectSQLPlugin.csproj", "{E155D327-123E-4EFF-B023-1867279210BB}"
EndProject
Project("{FAE04EC0-301F-11D3-BF4B-00C04F79EFBC}") = "EPAS.Enum", "EPASFramework\EPAS.Enum\EPAS.Enum.csproj", "{D28A4948-9BF1-42CE-95A5-9240EF0AAD10}"
EndProject
Project("{FAE04EC0-301F-11D3-BF4B-00C04F79EFBC}") = "Test", "Test\Test.csproj", "{87643936-BAB2-4F87-A2E8-4BEC3CD22E98}"
EndProject
Project("{2150E333-8FDC-42A3-9474-1A3956D46DE8}") = "EPASCore", "EPASCore", "{E13B6664-0C5E-48B2-8F69-1BFE8B6988A6}"
EndProject
Project("{9A19103F-16F7-4668-BE54-9A1E7A4F7556}") = "EPAS.BusinessCore", "EPASCore\EPAS.BusinessCore\EPAS.BusinessCore.csproj", "{B3FC5D18-1806-4A0D-B589-356871696825}"
EndProject
Project("{2150E333-8FDC-42A3-9474-1A3956D46DE8}") = "EPASFramework", "EPASFramework", "{33F29036-68E3-48FC-BB2A-E481F3D37F3C}"
EndProject
Project("{9A19103F-16F7-4668-BE54-9A1E7A4F7556}") = "EPAS.EnumCore", "EPASCore\EPAS.EnumCore\EPAS.EnumCore.csproj", "{38EA5387-5C93-49AE-AA9B-A4AFB5535F05}"
EndProject
Project("{9A19103F-16F7-4668-BE54-9A1E7A4F7556}") = "EPAS.InterfaceCore", "EPASCore\EPAS.InterfaceCore\EPAS.InterfaceCore.csproj", "{EE63ABD1-9CCC-40E8-8B0A-E1D036594D19}"
EndProject
Project("{9A19103F-16F7-4668-BE54-9A1E7A4F7556}") = "EPAS.ComponentCore", "EPASCore\EPAS.ComponentCore\EPAS.ComponentCore.csproj", "{3D68F828-DA77-4E92-8369-B598883B3E60}"
EndProject
Project("{2150E333-8FDC-42A3-9474-1A3956D46DE8}") = "EPAS.Plugins", "EPAS.Plugins", "{42ED9A38-5C6D-411E-8C3B-FB443774CFAF}"
EndProject
Project("{9A19103F-16F7-4668-BE54-9A1E7A4F7556}") = "EPAS.DirectSQLPluginCore", "EPASCore\EPAS.Plugins\EPAS.DirectSQLPluginCore\EPAS.DirectSQLPluginCore.csproj", "{F4D21DFA-CDF8-47B9-89B6-CA1D068DAF0B}"
EndProject
Project("{2150E333-8FDC-42A3-9474-1A3956D46DE8}") = "API", "API", "{361B79EB-849A-48EB-9967-4878A53624AE}"
EndProject
Project("{9A19103F-16F7-4668-BE54-9A1E7A4F7556}") = "EPAS.API", "EPASAPI\EPAS.API\EPAS.API.csproj", "{E2103A51-7DC5-42AA-8A2E-778FF567C83F}"
EndProject
Project("{FAE04EC0-301F-11D3-BF4B-00C04F79EFBC}") = "EPAS.DataEntity", "EPASFramework\EPAS.DataEntity\EPAS.DataEntity.csproj", "{0CAE3B31-CF2E-4F55-A39F-DF056D5724E2}"
EndProject
Project("{9A19103F-16F7-4668-BE54-9A1E7A4F7556}") = "EPAS.DataEntityCore", "EPASCore\EPAS.DataEntityCore\EPAS.DataEntityCore.csproj", "{3D649DCA-1177-4EBA-B697-6D9391D012FF}"
EndProject
Project("{FAE04EC0-301F-11D3-BF4B-00C04F79EFBC}") = "EPAS.ChloePlugin", "EPASFramework\EPAS.Plugins\EPAS.ChloePlugin\EPAS.ChloePlugin.csproj", "{1510E4D9-13AB-4BBD-94DE-C160CB809518}"
EndProject
Project("{9A19103F-16F7-4668-BE54-9A1E7A4F7556}") = "EPAS.ChloePluginCore", "EPASCore\EPAS.Plugins\EPAS.ChloePluginCore\EPAS.ChloePluginCore.csproj", "{D6E6A13B-5F5A-459A-AAAC-E3D7B20F55DD}"
EndProject
Global
	GlobalSection(SolutionConfigurationPlatforms) = preSolution
		Debug|Any CPU = Debug|Any CPU
		Release|Any CPU = Release|Any CPU
	EndGlobalSection
	GlobalSection(ProjectConfigurationPlatforms) = postSolution
		{4987FE91-34AF-4367-8794-CF7F404B91BE}.Debug|Any CPU.ActiveCfg = Debug|Any CPU
		{4987FE91-34AF-4367-8794-CF7F404B91BE}.Debug|Any CPU.Build.0 = Debug|Any CPU
		{4987FE91-34AF-4367-8794-CF7F404B91BE}.Release|Any CPU.ActiveCfg = Release|Any CPU
		{4987FE91-34AF-4367-8794-CF7F404B91BE}.Release|Any CPU.Build.0 = Release|Any CPU
		{E0A29678-3020-4E8F-9CB5-A00F452F8896}.Debug|Any CPU.ActiveCfg = Debug|Any CPU
		{E0A29678-3020-4E8F-9CB5-A00F452F8896}.Debug|Any CPU.Build.0 = Debug|Any CPU
		{E0A29678-3020-4E8F-9CB5-A00F452F8896}.Release|Any CPU.ActiveCfg = Release|Any CPU
		{E0A29678-3020-4E8F-9CB5-A00F452F8896}.Release|Any CPU.Build.0 = Release|Any CPU
		{9758CB6D-36F5-43BE-93AB-3EC314AC4EBF}.Debug|Any CPU.ActiveCfg = Debug|Any CPU
		{9758CB6D-36F5-43BE-93AB-3EC314AC4EBF}.Debug|Any CPU.Build.0 = Debug|Any CPU
		{9758CB6D-36F5-43BE-93AB-3EC314AC4EBF}.Release|Any CPU.ActiveCfg = Release|Any CPU
		{9758CB6D-36F5-43BE-93AB-3EC314AC4EBF}.Release|Any CPU.Build.0 = Release|Any CPU
		{E155D327-123E-4EFF-B023-1867279210BB}.Debug|Any CPU.ActiveCfg = Debug|Any CPU
		{E155D327-123E-4EFF-B023-1867279210BB}.Debug|Any CPU.Build.0 = Debug|Any CPU
		{E155D327-123E-4EFF-B023-1867279210BB}.Release|Any CPU.ActiveCfg = Release|Any CPU
		{E155D327-123E-4EFF-B023-1867279210BB}.Release|Any CPU.Build.0 = Release|Any CPU
		{D28A4948-9BF1-42CE-95A5-9240EF0AAD10}.Debug|Any CPU.ActiveCfg = Debug|Any CPU
		{D28A4948-9BF1-42CE-95A5-9240EF0AAD10}.Debug|Any CPU.Build.0 = Debug|Any CPU
		{D28A4948-9BF1-42CE-95A5-9240EF0AAD10}.Release|Any CPU.ActiveCfg = Release|Any CPU
		{D28A4948-9BF1-42CE-95A5-9240EF0AAD10}.Release|Any CPU.Build.0 = Release|Any CPU
		{87643936-BAB2-4F87-A2E8-4BEC3CD22E98}.Debug|Any CPU.ActiveCfg = Debug|Any CPU
		{87643936-BAB2-4F87-A2E8-4BEC3CD22E98}.Debug|Any CPU.Build.0 = Debug|Any CPU
		{87643936-BAB2-4F87-A2E8-4BEC3CD22E98}.Release|Any CPU.ActiveCfg = Release|Any CPU
		{87643936-BAB2-4F87-A2E8-4BEC3CD22E98}.Release|Any CPU.Build.0 = Release|Any CPU
		{B3FC5D18-1806-4A0D-B589-356871696825}.Debug|Any CPU.ActiveCfg = Debug|Any CPU
		{B3FC5D18-1806-4A0D-B589-356871696825}.Debug|Any CPU.Build.0 = Debug|Any CPU
		{B3FC5D18-1806-4A0D-B589-356871696825}.Release|Any CPU.ActiveCfg = Release|Any CPU
		{B3FC5D18-1806-4A0D-B589-356871696825}.Release|Any CPU.Build.0 = Release|Any CPU
		{38EA5387-5C93-49AE-AA9B-A4AFB5535F05}.Debug|Any CPU.ActiveCfg = Debug|Any CPU
		{38EA5387-5C93-49AE-AA9B-A4AFB5535F05}.Debug|Any CPU.Build.0 = Debug|Any CPU
		{38EA5387-5C93-49AE-AA9B-A4AFB5535F05}.Release|Any CPU.ActiveCfg = Release|Any CPU
		{38EA5387-5C93-49AE-AA9B-A4AFB5535F05}.Release|Any CPU.Build.0 = Release|Any CPU
		{EE63ABD1-9CCC-40E8-8B0A-E1D036594D19}.Debug|Any CPU.ActiveCfg = Debug|Any CPU
		{EE63ABD1-9CCC-40E8-8B0A-E1D036594D19}.Debug|Any CPU.Build.0 = Debug|Any CPU
		{EE63ABD1-9CCC-40E8-8B0A-E1D036594D19}.Release|Any CPU.ActiveCfg = Release|Any CPU
		{EE63ABD1-9CCC-40E8-8B0A-E1D036594D19}.Release|Any CPU.Build.0 = Release|Any CPU
		{3D68F828-DA77-4E92-8369-B598883B3E60}.Debug|Any CPU.ActiveCfg = Debug|Any CPU
		{3D68F828-DA77-4E92-8369-B598883B3E60}.Debug|Any CPU.Build.0 = Debug|Any CPU
		{3D68F828-DA77-4E92-8369-B598883B3E60}.Release|Any CPU.ActiveCfg = Release|Any CPU
		{3D68F828-DA77-4E92-8369-B598883B3E60}.Release|Any CPU.Build.0 = Release|Any CPU
		{F4D21DFA-CDF8-47B9-89B6-CA1D068DAF0B}.Debug|Any CPU.ActiveCfg = Debug|Any CPU
		{F4D21DFA-CDF8-47B9-89B6-CA1D068DAF0B}.Debug|Any CPU.Build.0 = Debug|Any CPU
		{F4D21DFA-CDF8-47B9-89B6-CA1D068DAF0B}.Release|Any CPU.ActiveCfg = Release|Any CPU
		{F4D21DFA-CDF8-47B9-89B6-CA1D068DAF0B}.Release|Any CPU.Build.0 = Release|Any CPU
		{E2103A51-7DC5-42AA-8A2E-778FF567C83F}.Debug|Any CPU.ActiveCfg = Debug|Any CPU
		{E2103A51-7DC5-42AA-8A2E-778FF567C83F}.Debug|Any CPU.Build.0 = Debug|Any CPU
		{E2103A51-7DC5-42AA-8A2E-778FF567C83F}.Release|Any CPU.ActiveCfg = Release|Any CPU
		{E2103A51-7DC5-42AA-8A2E-778FF567C83F}.Release|Any CPU.Build.0 = Release|Any CPU
		{0CAE3B31-CF2E-4F55-A39F-DF056D5724E2}.Debug|Any CPU.ActiveCfg = Debug|Any CPU
		{0CAE3B31-CF2E-4F55-A39F-DF056D5724E2}.Debug|Any CPU.Build.0 = Debug|Any CPU
		{0CAE3B31-CF2E-4F55-A39F-DF056D5724E2}.Release|Any CPU.ActiveCfg = Release|Any CPU
		{0CAE3B31-CF2E-4F55-A39F-DF056D5724E2}.Release|Any CPU.Build.0 = Release|Any CPU
		{3D649DCA-1177-4EBA-B697-6D9391D012FF}.Debug|Any CPU.ActiveCfg = Debug|Any CPU
		{3D649DCA-1177-4EBA-B697-6D9391D012FF}.Debug|Any CPU.Build.0 = Debug|Any CPU
		{3D649DCA-1177-4EBA-B697-6D9391D012FF}.Release|Any CPU.ActiveCfg = Release|Any CPU
		{3D649DCA-1177-4EBA-B697-6D9391D012FF}.Release|Any CPU.Build.0 = Release|Any CPU
		{1510E4D9-13AB-4BBD-94DE-C160CB809518}.Debug|Any CPU.ActiveCfg = Debug|Any CPU
		{1510E4D9-13AB-4BBD-94DE-C160CB809518}.Debug|Any CPU.Build.0 = Debug|Any CPU
		{1510E4D9-13AB-4BBD-94DE-C160CB809518}.Release|Any CPU.ActiveCfg = Release|Any CPU
		{1510E4D9-13AB-4BBD-94DE-C160CB809518}.Release|Any CPU.Build.0 = Release|Any CPU
		{D6E6A13B-5F5A-459A-AAAC-E3D7B20F55DD}.Debug|Any CPU.ActiveCfg = Debug|Any CPU
		{D6E6A13B-5F5A-459A-AAAC-E3D7B20F55DD}.Debug|Any CPU.Build.0 = Debug|Any CPU
		{D6E6A13B-5F5A-459A-AAAC-E3D7B20F55DD}.Release|Any CPU.ActiveCfg = Release|Any CPU
		{D6E6A13B-5F5A-459A-AAAC-E3D7B20F55DD}.Release|Any CPU.Build.0 = Release|Any CPU
	EndGlobalSection
	GlobalSection(SolutionProperties) = preSolution
		HideSolutionNode = FALSE
	EndGlobalSection
	GlobalSection(NestedProjects) = preSolution
		{4987FE91-34AF-4367-8794-CF7F404B91BE} = {33F29036-68E3-48FC-BB2A-E481F3D37F3C}
		{E0A29678-3020-4E8F-9CB5-A00F452F8896} = {33F29036-68E3-48FC-BB2A-E481F3D37F3C}
		{9758CB6D-36F5-43BE-93AB-3EC314AC4EBF} = {33F29036-68E3-48FC-BB2A-E481F3D37F3C}
		{C8477898-CCFB-4140-A1B9-53CE54B606DA} = {33F29036-68E3-48FC-BB2A-E481F3D37F3C}
		{E155D327-123E-4EFF-B023-1867279210BB} = {C8477898-CCFB-4140-A1B9-53CE54B606DA}
		{D28A4948-9BF1-42CE-95A5-9240EF0AAD10} = {33F29036-68E3-48FC-BB2A-E481F3D37F3C}
		{B3FC5D18-1806-4A0D-B589-356871696825} = {E13B6664-0C5E-48B2-8F69-1BFE8B6988A6}
		{38EA5387-5C93-49AE-AA9B-A4AFB5535F05} = {E13B6664-0C5E-48B2-8F69-1BFE8B6988A6}
		{EE63ABD1-9CCC-40E8-8B0A-E1D036594D19} = {E13B6664-0C5E-48B2-8F69-1BFE8B6988A6}
		{3D68F828-DA77-4E92-8369-B598883B3E60} = {E13B6664-0C5E-48B2-8F69-1BFE8B6988A6}
		{42ED9A38-5C6D-411E-8C3B-FB443774CFAF} = {E13B6664-0C5E-48B2-8F69-1BFE8B6988A6}
		{F4D21DFA-CDF8-47B9-89B6-CA1D068DAF0B} = {42ED9A38-5C6D-411E-8C3B-FB443774CFAF}
		{E2103A51-7DC5-42AA-8A2E-778FF567C83F} = {361B79EB-849A-48EB-9967-4878A53624AE}
		{0CAE3B31-CF2E-4F55-A39F-DF056D5724E2} = {33F29036-68E3-48FC-BB2A-E481F3D37F3C}
		{3D649DCA-1177-4EBA-B697-6D9391D012FF} = {E13B6664-0C5E-48B2-8F69-1BFE8B6988A6}
		{1510E4D9-13AB-4BBD-94DE-C160CB809518} = {C8477898-CCFB-4140-A1B9-53CE54B606DA}
		{D6E6A13B-5F5A-459A-AAAC-E3D7B20F55DD} = {42ED9A38-5C6D-411E-8C3B-FB443774CFAF}
	EndGlobalSection
	GlobalSection(ExtensibilityGlobals) = postSolution
		SolutionGuid = {8E323C53-6930-4097-916E-1D4A11B38B18}
	EndGlobalSection
EndGlobal
